{
  "version": 1,
  "package": {
    "name": "ledger-anchor-audit",
    "version": "0.1.0"
  },
  "dependencies": {
    "spanda-ledger": {
      "name": "spanda-ledger",
      "version": "0.1.0",
      "source": {
        "kind": "local",
        "path": "/Users/sujay/Code/Spanda/packages/registry/spanda-ledger/examples/anchor_audit/../../"
      },
      "checksum": null
    }
  }
}